
Microsoft Visual Studio Solution File, Format Version 12.00
# Visual Studio Version 16
VisualStudioVersion = 16.0.29613.14
MinimumVisualStudioVersion = 10.0.40219.1
Project("{FAE04EC0-301F-11D3-BF4B-00C04F79EFBC}") = "HASHMD5TEST", "HASHMD5TEST\HASHMD5TEST.csproj", "{B28B606D-3BB5-463D-BA68-0BBA48C88942}"
EndProject
Global
	GlobalSection(SolutionConfigurationPlatforms) = preSolution
		Debug|Any CPU = Debug|Any CPU
		Release|Any CPU = Release|Any CPU
	EndGlobalSection
	GlobalSection(ProjectConfigurationPlatforms) = postSolution
		{B28B606D-3BB5-463D-BA68-0BBA48C88942}.Debug|Any CPU.ActiveCfg = Debug|Any CPU
		{B28B606D-3BB5-463D-BA68-0BBA48C88942}.Debug|Any CPU.Build.0 = Debug|Any CPU
		{B28B606D-3BB5-463D-BA68-0BBA48C88942}.Release|Any CPU.ActiveCfg = Release|Any CPU
		{B28B606D-3BB5-463D-BA68-0BBA48C88942}.Release|Any CPU.Build.0 = Release|Any CPU
	EndGlobalSection
	GlobalSection(SolutionProperties) = preSolution
		HideSolutionNode = FALSE
	EndGlobalSection
	GlobalSection(ExtensibilityGlobals) = postSolution
		SolutionGuid = {153E4FBD-3718-4E11-BB7D-9E5895783963}
	EndGlobalSection
EndGlobal
